// !$*UTF8*$!
{
	archiveVersion = 1;
	classes = {
	};
	objectVersion = 46;
	objects = {

/* Begin PBXBuildFile section */
		972914451A465DBD001CD2B2 /* Main.storyboard in Resources */ = {isa = PBXBuildFile; fileRef = 97DD646E1A416EB2004E3EDC /* Main.storyboard */; };
		972914461A465DD2001CD2B2 /* LaunchScreen.xib in Resources */ = {isa = PBXBuildFile; fileRef = 97DD64731A416EB2004E3EDC /* LaunchScreen.xib */; };
		972914471A465DF7001CD2B2 /* LaunchScreen.xib in Resources */ = {isa = PBXBuildFile; fileRef = 97DD64731A416EB2004E3EDC /* LaunchScreen.xib */; };
		972914481A465DFB001CD2B2 /* Main.storyboard in Resources */ = {isa = PBXBuildFile; fileRef = 97DD646E1A416EB2004E3EDC /* Main.storyboard */; };
		972914551A467655001CD2B2 /* MapKit.framework in Frameworks */ = {isa = PBXBuildFile; fileRef = 972914541A467655001CD2B2 /* MapKit.framework */; settings = {ATTRIBUTES = (Required, ); }; };
		9729146E1A46B75C001CD2B2 /* Port.m in Sources */ = {isa = PBXBuildFile; fileRef = 9729146D1A46B75C001CD2B2 /* Port.m */; };
		972914711A46D25A001CD2B2 /* PortViewCell.m in Sources */ = {isa = PBXBuildFile; fileRef = 972914701A46D25A001CD2B2 /* PortViewCell.m */; };
		972914741A47587C001CD2B2 /* PortData.m in Sources */ = {isa = PBXBuildFile; fileRef = 972914731A47587C001CD2B2 /* PortData.m */; };
		9729147E1A477832001CD2B2 /* PortMapListViewController.m in Sources */ = {isa = PBXBuildFile; fileRef = 9729147C1A477832001CD2B2 /* PortMapListViewController.m */; };
		972914851A47A86A001CD2B2 /* BWColor.m in Sources */ = {isa = PBXBuildFile; fileRef = 972914841A47A86A001CD2B2 /* BWColor.m */; };
		972914881A4E7735001CD2B2 /* PortDetailViewController.m in Sources */ = {isa = PBXBuildFile; fileRef = 972914871A4E7735001CD2B2 /* PortDetailViewController.m */; };
		9729148B1A4EA71A001CD2B2 /* PortIconView.m in Sources */ = {isa = PBXBuildFile; fileRef = 9729148A1A4EA71A001CD2B2 /* PortIconView.m */; };
		977A92781A492C7F005D3341 /* DotView.m in Sources */ = {isa = PBXBuildFile; fileRef = 977A92771A492C7F005D3341 /* DotView.m */; };
		977A927B1A4931E1005D3341 /* BWStyleKit.m in Sources */ = {isa = PBXBuildFile; fileRef = 977A927A1A4931E1005D3341 /* BWStyleKit.m */; };
		97DD64641A416EB2004E3EDC /* main.m in Sources */ = {isa = PBXBuildFile; fileRef = 97DD64631A416EB2004E3EDC /* main.m */; };
		97DD64671A416EB2004E3EDC /* AppDelegate.m in Sources */ = {isa = PBXBuildFile; fileRef = 97DD64661A416EB2004E3EDC /* AppDelegate.m */; };
		97DD64721A416EB2004E3EDC /* Images.xcassets in Resources */ = {isa = PBXBuildFile; fileRef = 97DD64711A416EB2004E3EDC /* Images.xcassets */; };
		97DD64811A416EB2004E3EDC /* Borderwait2Tests.m in Sources */ = {isa = PBXBuildFile; fileRef = 97DD64801A416EB2004E3EDC /* Borderwait2Tests.m */; };
		97DD648C1A416EFA004E3EDC /* Crashlytics.framework in Frameworks */ = {isa = PBXBuildFile; fileRef = 97DD648B1A416EFA004E3EDC /* Crashlytics.framework */; };
		97DD65BB1A417214004E3EDC /* AVKit.framework in Frameworks */ = {isa = PBXBuildFile; fileRef = 97DD65B01A417214004E3EDC /* AVKit.framework */; };
		97DD65BC1A417214004E3EDC /* CoreData.framework in Frameworks */ = {isa = PBXBuildFile; fileRef = 97DD65B11A417214004E3EDC /* CoreData.framework */; };
		97DD65BD1A417214004E3EDC /* CoreLocation.framework in Frameworks */ = {isa = PBXBuildFile; fileRef = 97DD65B21A417214004E3EDC /* CoreLocation.framework */; };
		97DD65BE1A417214004E3EDC /* CoreText.framework in Frameworks */ = {isa = PBXBuildFile; fileRef = 97DD65B31A417214004E3EDC /* CoreText.framework */; };
		97DD65BF1A417214004E3EDC /* GLKit.framework in Frameworks */ = {isa = PBXBuildFile; fileRef = 97DD65B41A417214004E3EDC /* GLKit.framework */; };
		97DD65C01A417214004E3EDC /* ImageIO.framework in Frameworks */ = {isa = PBXBuildFile; fileRef = 97DD65B51A417214004E3EDC /* ImageIO.framework */; };
		97DD65C11A417214004E3EDC /* libc++.dylib in Frameworks */ = {isa = PBXBuildFile; fileRef = 97DD65B61A417214004E3EDC /* libc++.dylib */; };
		97DD65C21A417214004E3EDC /* libicucore.dylib in Frameworks */ = {isa = PBXBuildFile; fileRef = 97DD65B71A417214004E3EDC /* libicucore.dylib */; };
		97DD65C31A417214004E3EDC /* OpenGLES.framework in Frameworks */ = {isa = PBXBuildFile; fileRef = 97DD65B81A417214004E3EDC /* OpenGLES.framework */; };
		97DD65C41A417214004E3EDC /* QuartzCore.framework in Frameworks */ = {isa = PBXBuildFile; fileRef = 97DD65B91A417214004E3EDC /* QuartzCore.framework */; };
		97DD65C51A417214004E3EDC /* SystemConfiguration.framework in Frameworks */ = {isa = PBXBuildFile; fileRef = 97DD65BA1A417214004E3EDC /* SystemConfiguration.framework */; };
/* End PBXBuildFile section */

/* Begin PBXContainerItemProxy section */
		97DD647B1A416EB2004E3EDC /* PBXContainerItemProxy */ = {
			isa = PBXContainerItemProxy;
			containerPortal = 97DD64561A416EB2004E3EDC /* Project object */;
			proxyType = 1;
			remoteGlobalIDString = 97DD645D1A416EB2004E3EDC;
			remoteInfo = Borderwait2;
		};
/* End PBXContainerItemProxy section */

/* Begin PBXFileReference section */
		972914541A467655001CD2B2 /* MapKit.framework */ = {isa = PBXFileReference; lastKnownFileType = wrapper.framework; name = MapKit.framework; path = System/Library/Frameworks/MapKit.framework; sourceTree = SDKROOT; };
		9729146C1A46B75C001CD2B2 /* Port.h */ = {isa = PBXFileReference; fileEncoding = 4; lastKnownFileType = sourcecode.c.h; path = Port.h; sourceTree = "<group>"; };
		9729146D1A46B75C001CD2B2 /* Port.m */ = {isa = PBXFileReference; fileEncoding = 4; lastKnownFileType = sourcecode.c.objc; path = Port.m; sourceTree = "<group>"; };
		9729146F1A46D25A001CD2B2 /* PortViewCell.h */ = {isa = PBXFileReference; fileEncoding = 4; lastKnownFileType = sourcecode.c.h; path = PortViewCell.h; sourceTree = "<group>"; };
		972914701A46D25A001CD2B2 /* PortViewCell.m */ = {isa = PBXFileReference; fileEncoding = 4; lastKnownFileType = sourcecode.c.objc; path = PortViewCell.m; sourceTree = "<group>"; };
		972914721A47587C001CD2B2 /* PortData.h */ = {isa = PBXFileReference; fileEncoding = 4; lastKnownFileType = sourcecode.c.h; path = PortData.h; sourceTree = "<group>"; };
		972914731A47587C001CD2B2 /* PortData.m */ = {isa = PBXFileReference; fileEncoding = 4; lastKnownFileType = sourcecode.c.objc; path = PortData.m; sourceTree = "<group>"; };
		9729147B1A477832001CD2B2 /* PortMapListViewController.h */ = {isa = PBXFileReference; fileEncoding = 4; lastKnownFileType = sourcecode.c.h; path = PortMapListViewController.h; sourceTree = "<group>"; };
		9729147C1A477832001CD2B2 /* PortMapListViewController.m */ = {isa = PBXFileReference; fileEncoding = 4; lastKnownFileType = sourcecode.c.objc; path = PortMapListViewController.m; sourceTree = "<group>"; };
		972914831A47A86A001CD2B2 /* BWColor.h */ = {isa = PBXFileReference; fileEncoding = 4; lastKnownFileType = sourcecode.c.h; path = BWColor.h; sourceTree = "<group>"; };
		972914841A47A86A001CD2B2 /* BWColor.m */ = {isa = PBXFileReference; fileEncoding = 4; lastKnownFileType = sourcecode.c.objc; path = BWColor.m; sourceTree = "<group>"; };
		972914861A4E7735001CD2B2 /* PortDetailViewController.h */ = {isa = PBXFileReference; fileEncoding = 4; lastKnownFileType = sourcecode.c.h; path = PortDetailViewController.h; sourceTree = "<group>"; };
		972914871A4E7735001CD2B2 /* PortDetailViewController.m */ = {isa = PBXFileReference; fileEncoding = 4; lastKnownFileType = sourcecode.c.objc; path = PortDetailViewController.m; sourceTree = "<group>"; };
		972914891A4EA71A001CD2B2 /* PortIconView.h */ = {isa = PBXFileReference; fileEncoding = 4; lastKnownFileType = sourcecode.c.h; path = PortIconView.h; sourceTree = "<group>"; };
		9729148A1A4EA71A001CD2B2 /* PortIconView.m */ = {isa = PBXFileReference; fileEncoding = 4; lastKnownFileType = sourcecode.c.objc; path = PortIconView.m; sourceTree = "<group>"; };
		977A92761A492C7F005D3341 /* DotView.h */ = {isa = PBXFileReference; fileEncoding = 4; lastKnownFileType = sourcecode.c.h; path = DotView.h; sourceTree = "<group>"; };
		977A92771A492C7F005D3341 /* DotView.m */ = {isa = PBXFileReference; fileEncoding = 4; lastKnownFileType = sourcecode.c.objc; path = DotView.m; sourceTree = "<group>"; };
		977A92791A4931E1005D3341 /* BWStyleKit.h */ = {isa = PBXFileReference; fileEncoding = 4; lastKnownFileType = sourcecode.c.h; name = BWStyleKit.h; path = ../BWStyleKit.h; sourceTree = "<group>"; };
		977A927A1A4931E1005D3341 /* BWStyleKit.m */ = {isa = PBXFileReference; fileEncoding = 4; lastKnownFileType = sourcecode.c.objc; name = BWStyleKit.m; path = ../BWStyleKit.m; sourceTree = "<group>"; };
		97DD645E1A416EB2004E3EDC /* Borderwait2.app */ = {isa = PBXFileReference; explicitFileType = wrapper.application; includeInIndex = 0; path = Borderwait2.app; sourceTree = BUILT_PRODUCTS_DIR; };
		97DD64621A416EB2004E3EDC /* Info.plist */ = {isa = PBXFileReference; lastKnownFileType = text.plist.xml; path = Info.plist; sourceTree = "<group>"; };
		97DD64631A416EB2004E3EDC /* main.m */ = {isa = PBXFileReference; lastKnownFileType = sourcecode.c.objc; path = main.m; sourceTree = "<group>"; };
		97DD64651A416EB2004E3EDC /* AppDelegate.h */ = {isa = PBXFileReference; lastKnownFileType = sourcecode.c.h; path = AppDelegate.h; sourceTree = "<group>"; };
		97DD64661A416EB2004E3EDC /* AppDelegate.m */ = {isa = PBXFileReference; lastKnownFileType = sourcecode.c.objc; path = AppDelegate.m; sourceTree = "<group>"; };
		97DD646F1A416EB2004E3EDC /* Base */ = {isa = PBXFileReference; lastKnownFileType = file.storyboard; name = Base; path = Base.lproj/Main.storyboard; sourceTree = "<group>"; };
		97DD64711A416EB2004E3EDC /* Images.xcassets */ = {isa = PBXFileReference; lastKnownFileType = folder.assetcatalog; path = Images.xcassets; sourceTree = "<group>"; };
		97DD64741A416EB2004E3EDC /* Base */ = {isa = PBXFileReference; lastKnownFileType = file.xib; name = Base; path = Base.lproj/LaunchScreen.xib; sourceTree = "<group>"; };
		97DD647A1A416EB2004E3EDC /* Borderwait2Tests.xctest */ = {isa = PBXFileReference; explicitFileType = wrapper.cfbundle; includeInIndex = 0; path = Borderwait2Tests.xctest; sourceTree = BUILT_PRODUCTS_DIR; };
		97DD647F1A416EB2004E3EDC /* Info.plist */ = {isa = PBXFileReference; lastKnownFileType = text.plist.xml; path = Info.plist; sourceTree = "<group>"; };
		97DD64801A416EB2004E3EDC /* Borderwait2Tests.m */ = {isa = PBXFileReference; lastKnownFileType = sourcecode.c.objc; path = Borderwait2Tests.m; sourceTree = "<group>"; };
		97DD648B1A416EFA004E3EDC /* Crashlytics.framework */ = {isa = PBXFileReference; lastKnownFileType = wrapper.framework; path = Crashlytics.framework; sourceTree = "<group>"; };
		97DD65B01A417214004E3EDC /* AVKit.framework */ = {isa = PBXFileReference; lastKnownFileType = wrapper.framework; name = AVKit.framework; path = System/Library/Frameworks/AVKit.framework; sourceTree = SDKROOT; };
		97DD65B11A417214004E3EDC /* CoreData.framework */ = {isa = PBXFileReference; lastKnownFileType = wrapper.framework; name = CoreData.framework; path = System/Library/Frameworks/CoreData.framework; sourceTree = SDKROOT; };
		97DD65B21A417214004E3EDC /* CoreLocation.framework */ = {isa = PBXFileReference; lastKnownFileType = wrapper.framework; name = CoreLocation.framework; path = System/Library/Frameworks/CoreLocation.framework; sourceTree = SDKROOT; };
		97DD65B31A417214004E3EDC /* CoreText.framework */ = {isa = PBXFileReference; lastKnownFileType = wrapper.framework; name = CoreText.framework; path = System/Library/Frameworks/CoreText.framework; sourceTree = SDKROOT; };
		97DD65B41A417214004E3EDC /* GLKit.framework */ = {isa = PBXFileReference; lastKnownFileType = wrapper.framework; name = GLKit.framework; path = System/Library/Frameworks/GLKit.framework; sourceTree = SDKROOT; };
		97DD65B51A417214004E3EDC /* ImageIO.framework */ = {isa = PBXFileReference; lastKnownFileType = wrapper.framework; name = ImageIO.framework; path = System/Library/Frameworks/ImageIO.framework; sourceTree = SDKROOT; };
		97DD65B61A417214004E3EDC /* libc++.dylib */ = {isa = PBXFileReference; lastKnownFileType = "compiled.mach-o.dylib"; name = "libc++.dylib"; path = "usr/lib/libc++.dylib"; sourceTree = SDKROOT; };
		97DD65B71A417214004E3EDC /* libicucore.dylib */ = {isa = PBXFileReference; lastKnownFileType = "compiled.mach-o.dylib"; name = libicucore.dylib; path = usr/lib/libicucore.dylib; sourceTree = SDKROOT; };
		97DD65B81A417214004E3EDC /* OpenGLES.framework */ = {isa = PBXFileReference; lastKnownFileType = wrapper.framework; name = OpenGLES.framework; path = System/Library/Frameworks/OpenGLES.framework; sourceTree = SDKROOT; };
		97DD65B91A417214004E3EDC /* QuartzCore.framework */ = {isa = PBXFileReference; lastKnownFileType = wrapper.framework; name = QuartzCore.framework; path = System/Library/Frameworks/QuartzCore.framework; sourceTree = SDKROOT; };
		97DD65BA1A417214004E3EDC /* SystemConfiguration.framework */ = {isa = PBXFileReference; lastKnownFileType = wrapper.framework; name = SystemConfiguration.framework; path = System/Library/Frameworks/SystemConfiguration.framework; sourceTree = SDKROOT; };
/* End PBXFileReference section */

/* Begin PBXFrameworksBuildPhase section */
		97DD645B1A416EB2004E3EDC /* Frameworks */ = {
			isa = PBXFrameworksBuildPhase;
			buildActionMask = 2147483647;
			files = (
				972914551A467655001CD2B2 /* MapKit.framework in Frameworks */,
				97DD648C1A416EFA004E3EDC /* Crashlytics.framework in Frameworks */,
				97DD65BB1A417214004E3EDC /* AVKit.framework in Frameworks */,
				97DD65BC1A417214004E3EDC /* CoreData.framework in Frameworks */,
				97DD65BD1A417214004E3EDC /* CoreLocation.framework in Frameworks */,
				97DD65BE1A417214004E3EDC /* CoreText.framework in Frameworks */,
				97DD65BF1A417214004E3EDC /* GLKit.framework in Frameworks */,
				97DD65C01A417214004E3EDC /* ImageIO.framework in Frameworks */,
				97DD65C11A417214004E3EDC /* libc++.dylib in Frameworks */,
				97DD65C21A417214004E3EDC /* libicucore.dylib in Frameworks */,
				97DD65C31A417214004E3EDC /* OpenGLES.framework in Frameworks */,
				97DD65C41A417214004E3EDC /* QuartzCore.framework in Frameworks */,
				97DD65C51A417214004E3EDC /* SystemConfiguration.framework in Frameworks */,
			);
			runOnlyForDeploymentPostprocessing = 0;
		};
		97DD64771A416EB2004E3EDC /* Frameworks */ = {
			isa = PBXFrameworksBuildPhase;
			buildActionMask = 2147483647;
			files = (
			);
			runOnlyForDeploymentPostprocessing = 0;
		};
/* End PBXFrameworksBuildPhase section */

/* Begin PBXGroup section */
		9716DB271A47E6C7000FBB5C /* Style */ = {
			isa = PBXGroup;
			children = (
				977A92791A4931E1005D3341 /* BWStyleKit.h */,
				977A927A1A4931E1005D3341 /* BWStyleKit.m */,
				972914831A47A86A001CD2B2 /* BWColor.h */,
				972914841A47A86A001CD2B2 /* BWColor.m */,
				977A92761A492C7F005D3341 /* DotView.h */,
				977A92771A492C7F005D3341 /* DotView.m */,
				972914891A4EA71A001CD2B2 /* PortIconView.h */,
				9729148A1A4EA71A001CD2B2 /* PortIconView.m */,
			);
			name = Style;
			sourceTree = "<group>";
		};
		9716DB281A47E6FD000FBB5C /* Port Maps */ = {
			isa = PBXGroup;
			children = (
				9729147B1A477832001CD2B2 /* PortMapListViewController.h */,
				9729147C1A477832001CD2B2 /* PortMapListViewController.m */,
				9729146F1A46D25A001CD2B2 /* PortViewCell.h */,
				972914701A46D25A001CD2B2 /* PortViewCell.m */,
				972914861A4E7735001CD2B2 /* PortDetailViewController.h */,
				972914871A4E7735001CD2B2 /* PortDetailViewController.m */,
			);
			name = "Port Maps";
			sourceTree = "<group>";
		};
		9729144C1A465E8E001CD2B2 /* Maps */ = {
			isa = PBXGroup;
			children = (
			);
			name = Maps;
			sourceTree = "<group>";
		};
		972914751A475887001CD2B2 /* Data */ = {
			isa = PBXGroup;
			children = (
				9729146C1A46B75C001CD2B2 /* Port.h */,
				972914721A47587C001CD2B2 /* PortData.h */,
				972914731A47587C001CD2B2 /* PortData.m */,
				9729146D1A46B75C001CD2B2 /* Port.m */,
			);
			name = Data;
			sourceTree = "<group>";
		};
		97DD64551A416EB2004E3EDC = {
			isa = PBXGroup;
			children = (
				97DD65C61A417290004E3EDC /* Frameworks */,
				97DD64601A416EB2004E3EDC /* Borderwait2 */,
				97DD647D1A416EB2004E3EDC /* Borderwait2Tests */,
				97DD645F1A416EB2004E3EDC /* Products */,
			);
			sourceTree = "<group>";
		};
		97DD645F1A416EB2004E3EDC /* Products */ = {
			isa = PBXGroup;
			children = (
				97DD645E1A416EB2004E3EDC /* Borderwait2.app */,
				97DD647A1A416EB2004E3EDC /* Borderwait2Tests.xctest */,
			);
			name = Products;
			sourceTree = "<group>";
		};
		97DD64601A416EB2004E3EDC /* Borderwait2 */ = {
			isa = PBXGroup;
			children = (
				9716DB271A47E6C7000FBB5C /* Style */,
				9716DB281A47E6FD000FBB5C /* Port Maps */,
				97DD64651A416EB2004E3EDC /* AppDelegate.h */,
				97DD64661A416EB2004E3EDC /* AppDelegate.m */,
				97DD646E1A416EB2004E3EDC /* Main.storyboard */,
				97DD64711A416EB2004E3EDC /* Images.xcassets */,
				97DD64731A416EB2004E3EDC /* LaunchScreen.xib */,
				97DD64611A416EB2004E3EDC /* Supporting Files */,
				9729144C1A465E8E001CD2B2 /* Maps */,
				972914751A475887001CD2B2 /* Data */,
			);
			path = Borderwait2;
			sourceTree = "<group>";
		};
		97DD64611A416EB2004E3EDC /* Supporting Files */ = {
			isa = PBXGroup;
			children = (
				97DD64621A416EB2004E3EDC /* Info.plist */,
				97DD64631A416EB2004E3EDC /* main.m */,
			);
			name = "Supporting Files";
			sourceTree = "<group>";
		};
		97DD647D1A416EB2004E3EDC /* Borderwait2Tests */ = {
			isa = PBXGroup;
			children = (
				97DD64801A416EB2004E3EDC /* Borderwait2Tests.m */,
				97DD647E1A416EB2004E3EDC /* Supporting Files */,
			);
			path = Borderwait2Tests;
			sourceTree = "<group>";
		};
		97DD647E1A416EB2004E3EDC /* Supporting Files */ = {
			isa = PBXGroup;
			children = (
				97DD647F1A416EB2004E3EDC /* Info.plist */,
			);
			name = "Supporting Files";
			sourceTree = "<group>";
		};
		97DD65C61A417290004E3EDC /* Frameworks */ = {
			isa = PBXGroup;
			children = (
				972914541A467655001CD2B2 /* MapKit.framework */,
				97DD648B1A416EFA004E3EDC /* Crashlytics.framework */,
				97DD65B01A417214004E3EDC /* AVKit.framework */,
				97DD65B11A417214004E3EDC /* CoreData.framework */,
				97DD65B21A417214004E3EDC /* CoreLocation.framework */,
				97DD65B31A417214004E3EDC /* CoreText.framework */,
				97DD65B41A417214004E3EDC /* GLKit.framework */,
				97DD65B51A417214004E3EDC /* ImageIO.framework */,
				97DD65B61A417214004E3EDC /* libc++.dylib */,
				97DD65B71A417214004E3EDC /* libicucore.dylib */,
				97DD65B81A417214004E3EDC /* OpenGLES.framework */,
				97DD65B91A417214004E3EDC /* QuartzCore.framework */,
				97DD65BA1A417214004E3EDC /* SystemConfiguration.framework */,
			);
			name = Frameworks;
			sourceTree = "<group>";
		};
/* End PBXGroup section */

/* Begin PBXNativeTarget section */
		97DD645D1A416EB2004E3EDC /* Borderwait2 */ = {
			isa = PBXNativeTarget;
			buildConfigurationList = 97DD64841A416EB2004E3EDC /* Build configuration list for PBXNativeTarget "Borderwait2" */;
			buildPhases = (
				97DD645A1A416EB2004E3EDC /* Sources */,
				97DD645B1A416EB2004E3EDC /* Frameworks */,
				97DD645C1A416EB2004E3EDC /* Resources */,
				97DD648A1A416EDF004E3EDC /* Run Script */,
			);
			buildRules = (
			);
			dependencies = (
			);
			name = Borderwait2;
			productName = Borderwait2;
			productReference = 97DD645E1A416EB2004E3EDC /* Borderwait2.app */;
			productType = "com.apple.product-type.application";
		};
		97DD64791A416EB2004E3EDC /* Borderwait2Tests */ = {
			isa = PBXNativeTarget;
			buildConfigurationList = 97DD64871A416EB2004E3EDC /* Build configuration list for PBXNativeTarget "Borderwait2Tests" */;
			buildPhases = (
				97DD64761A416EB2004E3EDC /* Sources */,
				97DD64771A416EB2004E3EDC /* Frameworks */,
				97DD64781A416EB2004E3EDC /* Resources */,
			);
			buildRules = (
			);
			dependencies = (
				97DD647C1A416EB2004E3EDC /* PBXTargetDependency */,
			);
			name = Borderwait2Tests;
			productName = Borderwait2Tests;
			productReference = 97DD647A1A416EB2004E3EDC /* Borderwait2Tests.xctest */;
			productType = "com.apple.product-type.bundle.unit-test";
		};
/* End PBXNativeTarget section */

/* Begin PBXProject section */
		97DD64561A416EB2004E3EDC /* Project object */ = {
			isa = PBXProject;
			attributes = {
				LastUpgradeCheck = 0600;
				ORGANIZATIONNAME = Calit2;
				TargetAttributes = {
					97DD645D1A416EB2004E3EDC = {
						CreatedOnToolsVersion = 6.0.1;
						SystemCapabilities = {
							com.apple.Maps.iOS = {
								enabled = 1;
							};
						};
					};
					97DD64791A416EB2004E3EDC = {
						CreatedOnToolsVersion = 6.0.1;
						TestTargetID = 97DD645D1A416EB2004E3EDC;
					};
				};
			};
			buildConfigurationList = 97DD64591A416EB2004E3EDC /* Build configuration list for PBXProject "Borderwait2" */;
			compatibilityVersion = "Xcode 3.2";
			developmentRegion = English;
			hasScannedForEncodings = 0;
			knownRegions = (
				en,
				Base,
				ar,
				ca,
				cs,
				da,
				de,
				el,
				en_GB,
				es,
				fi,
				fr,
				he,
				hr,
				hu,
				id,
				it,
				ja,
				ko,
				ms,
				nl,
				no,
				pl,
				pt,
				pt_PT,
				ro,
				ru,
				sk,
				sv,
				th,
				tr,
				uk,
				vi,
				zh_CN,
				zh_TW,
			);
			mainGroup = 97DD64551A416EB2004E3EDC;
			productRefGroup = 97DD645F1A416EB2004E3EDC /* Products */;
			projectDirPath = "";
			projectRoot = "";
			targets = (
				97DD645D1A416EB2004E3EDC /* Borderwait2 */,
				97DD64791A416EB2004E3EDC /* Borderwait2Tests */,
			);
		};
/* End PBXProject section */

/* Begin PBXResourcesBuildPhase section */
		97DD645C1A416EB2004E3EDC /* Resources */ = {
			isa = PBXResourcesBuildPhase;
			buildActionMask = 2147483647;
			files = (
				972914461A465DD2001CD2B2 /* LaunchScreen.xib in Resources */,
				972914451A465DBD001CD2B2 /* Main.storyboard in Resources */,
				97DD64721A416EB2004E3EDC /* Images.xcassets in Resources */,
			);
			runOnlyForDeploymentPostprocessing = 0;
		};
		97DD64781A416EB2004E3EDC /* Resources */ = {
			isa = PBXResourcesBuildPhase;
			buildActionMask = 2147483647;
			files = (
				972914471A465DF7001CD2B2 /* LaunchScreen.xib in Resources */,
				972914481A465DFB001CD2B2 /* Main.storyboard in Resources */,
			);
			runOnlyForDeploymentPostprocessing = 0;
		};
/* End PBXResourcesBuildPhase section */

/* Begin PBXShellScriptBuildPhase section */
		97DD648A1A416EDF004E3EDC /* Run Script */ = {
			isa = PBXShellScriptBuildPhase;
			buildActionMask = 2147483647;
			files = (
			);
			inputPaths = (
			);
			name = "Run Script";
			outputPaths = (
			);
			runOnlyForDeploymentPostprocessing = 0;
			shellPath = /bin/sh;
			shellScript = "./Crashlytics.framework/run a1d6b2dbcd43ba0382f499ab73f3cd6424abf153 7152c5dfeb4a4900835412d92d990ed52df1e8a2681f46978984bdcc1bcd2bab";
		};
/* End PBXShellScriptBuildPhase section */

/* Begin PBXSourcesBuildPhase section */
		97DD645A1A416EB2004E3EDC /* Sources */ = {
			isa = PBXSourcesBuildPhase;
			buildActionMask = 2147483647;
			files = (
				9729146E1A46B75C001CD2B2 /* Port.m in Sources */,
				977A92781A492C7F005D3341 /* DotView.m in Sources */,
				972914881A4E7735001CD2B2 /* PortDetailViewController.m in Sources */,
				97DD64671A416EB2004E3EDC /* AppDelegate.m in Sources */,
				9729147E1A477832001CD2B2 /* PortMapListViewController.m in Sources */,
				977A927B1A4931E1005D3341 /* BWStyleKit.m in Sources */,
				972914851A47A86A001CD2B2 /* BWColor.m in Sources */,
				972914741A47587C001CD2B2 /* PortData.m in Sources */,
				972914711A46D25A001CD2B2 /* PortViewCell.m in Sources */,
				97DD64641A416EB2004E3EDC /* main.m in Sources */,
				9729148B1A4EA71A001CD2B2 /* PortIconView.m in Sources */,
			);
			runOnlyForDeploymentPostprocessing = 0;
		};
		97DD64761A416EB2004E3EDC /* Sources */ = {
			isa = PBXSourcesBuildPhase;
			buildActionMask = 2147483647;
			files = (
				97DD64811A416EB2004E3EDC /* Borderwait2Tests.m in Sources */,
			);
			runOnlyForDeploymentPostprocessing = 0;
		};
/* End PBXSourcesBuildPhase section */

/* Begin PBXTargetDependency section */
		97DD647C1A416EB2004E3EDC /* PBXTargetDependency */ = {
			isa = PBXTargetDependency;
			target = 97DD645D1A416EB2004E3EDC /* Borderwait2 */;
			targetProxy = 97DD647B1A416EB2004E3EDC /* PBXContainerItemProxy */;
		};
/* End PBXTargetDependency section */

/* Begin PBXVariantGroup section */
		97DD646E1A416EB2004E3EDC /* Main.storyboard */ = {
			isa = PBXVariantGroup;
			children = (
				97DD646F1A416EB2004E3EDC /* Base */,
			);
			name = Main.storyboard;
			sourceTree = "<group>";
		};
		97DD64731A416EB2004E3EDC /* LaunchScreen.xib */ = {
			isa = PBXVariantGroup;
			children = (
				97DD64741A416EB2004E3EDC /* Base */,
			);
			name = LaunchScreen.xib;
			sourceTree = "<group>";
		};
/* End PBXVariantGroup section */

/* Begin XCBuildConfiguration section */
		97DD64821A416EB2004E3EDC /* Debug */ = {
			isa = XCBuildConfiguration;
			buildSettings = {
				ALWAYS_SEARCH_USER_PATHS = NO;
				CLANG_CXX_LANGUAGE_STANDARD = "gnu++0x";
				CLANG_CXX_LIBRARY = "libc++";
				CLANG_ENABLE_MODULES = YES;
				CLANG_ENABLE_OBJC_ARC = YES;
				CLANG_WARN_BOOL_CONVERSION = YES;
				CLANG_WARN_CONSTANT_CONVERSION = YES;
				CLANG_WARN_DIRECT_OBJC_ISA_USAGE = YES_ERROR;
				CLANG_WARN_EMPTY_BODY = YES;
				CLANG_WARN_ENUM_CONVERSION = YES;
				CLANG_WARN_INT_CONVERSION = YES;
				CLANG_WARN_OBJC_ROOT_CLASS = YES_ERROR;
				CLANG_WARN_UNREACHABLE_CODE = YES;
				CLANG_WARN__DUPLICATE_METHOD_MATCH = YES;
				"CODE_SIGN_IDENTITY[sdk=iphoneos*]" = "iPhone Developer";
				COPY_PHASE_STRIP = NO;
				ENABLE_STRICT_OBJC_MSGSEND = YES;
				GCC_C_LANGUAGE_STANDARD = gnu99;
				GCC_DYNAMIC_NO_PIC = NO;
				GCC_OPTIMIZATION_LEVEL = 0;
				GCC_PREPROCESSOR_DEFINITIONS = (
					"DEBUG=1",
					"$(inherited)",
				);
				GCC_SYMBOLS_PRIVATE_EXTERN = NO;
				GCC_WARN_64_TO_32_BIT_CONVERSION = YES;
				GCC_WARN_ABOUT_RETURN_TYPE = YES_ERROR;
				GCC_WARN_UNDECLARED_SELECTOR = YES;
				GCC_WARN_UNINITIALIZED_AUTOS = YES_AGGRESSIVE;
				GCC_WARN_UNUSED_FUNCTION = YES;
				GCC_WARN_UNUSED_VARIABLE = YES;
				IPHONEOS_DEPLOYMENT_TARGET = 8.1;
				MTL_ENABLE_DEBUG_INFO = YES;
				ONLY_ACTIVE_ARCH = YES;
				OTHER_LDFLAGS = "-ObjC";
				SDKROOT = iphoneos;
			};
			name = Debug;
		};
		97DD64831A416EB2004E3EDC /* Release */ = {
			isa = XCBuildConfiguration;
			buildSettings = {
				ALWAYS_SEARCH_USER_PATHS = NO;
				CLANG_CXX_LANGUAGE_STANDARD = "gnu++0x";
				CLANG_CXX_LIBRARY = "libc++";
				CLANG_ENABLE_MODULES = YES;
				CLANG_ENABLE_OBJC_ARC = YES;
				CLANG_WARN_BOOL_CONVERSION = YES;
				CLANG_WARN_CONSTANT_CONVERSION = YES;
				CLANG_WARN_DIRECT_OBJC_ISA_USAGE = YES_ERROR;
				CLANG_WARN_EMPTY_BODY = YES;
				CLANG_WARN_ENUM_CONVERSION = YES;
				CLANG_WARN_INT_CONVERSION = YES;
				CLANG_WARN_OBJC_ROOT_CLASS = YES_ERROR;
				CLANG_WARN_UNREACHABLE_CODE = YES;
				CLANG_WARN__DUPLICATE_METHOD_MATCH = YES;
				"CODE_SIGN_IDENTITY[sdk=iphoneos*]" = "iPhone Developer";
				COPY_PHASE_STRIP = YES;
				ENABLE_NS_ASSERTIONS = NO;
				ENABLE_STRICT_OBJC_MSGSEND = YES;
				GCC_C_LANGUAGE_STANDARD = gnu99;
				GCC_WARN_64_TO_32_BIT_CONVERSION = YES;
				GCC_WARN_ABOUT_RETURN_TYPE = YES_ERROR;
				GCC_WARN_UNDECLARED_SELECTOR = YES;
				GCC_WARN_UNINITIALIZED_AUTOS = YES_AGGRESSIVE;
				GCC_WARN_UNUSED_FUNCTION = YES;
				GCC_WARN_UNUSED_VARIABLE = YES;
				IPHONEOS_DEPLOYMENT_TARGET = 8.1;
				MTL_ENABLE_DEBUG_INFO = NO;
				OTHER_LDFLAGS = "-ObjC";
				SDKROOT = iphoneos;
				VALIDATE_PRODUCT = YES;
			};
			name = Release;
		};
		97DD64851A416EB2004E3EDC /* Debug */ = {
			isa = XCBuildConfiguration;
			buildSettings = {
				ASSETCATALOG_COMPILER_APPICON_NAME = AppIcon;
				FRAMEWORK_SEARCH_PATHS = (
					"$(inherited)",
					"$(PROJECT_DIR)",
					"/Users/alicenguyen/Downloads/GoogleMaps-iOS-1.9.1",
					"/Users/alicenguyen/Downloads/GoogleMaps-iOS-1.9.1/GoogleMapsSDKDemos",
					"$(PROJECT_DIR)/GoogleMaps-iOS-1.9.1",
					"$(PROJECT_DIR)/GoogleMaps-iOS-1.9.1/GoogleMapsSDKDemos",
				);
				INFOPLIST_FILE = Borderwait2/Info.plist;
				IPHONEOS_DEPLOYMENT_TARGET = 8.0;
				LD_RUNPATH_SEARCH_PATHS = "$(inherited) @executable_path/Frameworks";
				OTHER_LDFLAGS = "";
				PRODUCT_NAME = "$(TARGET_NAME)";
			};
			name = Debug;
		};
		97DD64861A416EB2004E3EDC /* Release */ = {
			isa = XCBuildConfiguration;
			buildSettings = {
				ASSETCATALOG_COMPILER_APPICON_NAME = AppIcon;
				FRAMEWORK_SEARCH_PATHS = (
					"$(inherited)",
					"$(PROJECT_DIR)",
					"/Users/alicenguyen/Downloads/GoogleMaps-iOS-1.9.1",
					"/Users/alicenguyen/Downloads/GoogleMaps-iOS-1.9.1/GoogleMapsSDKDemos",
					"$(PROJECT_DIR)/GoogleMaps-iOS-1.9.1",
					"$(PROJECT_DIR)/GoogleMaps-iOS-1.9.1/GoogleMapsSDKDemos",
				);
				INFOPLIST_FILE = Borderwait2/Info.plist;
				IPHONEOS_DEPLOYMENT_TARGET = 8.0;
				LD_RUNPATH_SEARCH_PATHS = "$(inherited) @executable_path/Frameworks";
				OTHER_LDFLAGS = "";
				PRODUCT_NAME = "$(TARGET_NAME)";
			};
			name = Release;
		};
		97DD64881A416EB2004E3EDC /* Debug */ = {
			isa = XCBuildConfiguration;
			buildSettings = {
				BUNDLE_LOADER = "$(TEST_HOST)";
				FRAMEWORK_SEARCH_PATHS = (
					"$(SDKROOT)/Developer/Library/Frameworks",
					"$(inherited)",
				);
				GCC_PREPROCESSOR_DEFINITIONS = (
					"DEBUG=1",
					"$(inherited)",
				);
				INFOPLIST_FILE = Borderwait2Tests/Info.plist;
				LD_RUNPATH_SEARCH_PATHS = "$(inherited) @executable_path/Frameworks @loader_path/Frameworks";
				PRODUCT_NAME = "$(TARGET_NAME)";
				TEST_HOST = "$(BUILT_PRODUCTS_DIR)/Borderwait2.app/Borderwait2";
			};
			name = Debug;
		};
		97DD64891A416EB2004E3EDC /* Release */ = {
			isa = XCBuildConfiguration;
			buildSettings = {
				BUNDLE_LOADER = "$(TEST_HOST)";
				FRAMEWORK_SEARCH_PATHS = (
					"$(SDKROOT)/Developer/Library/Frameworks",
					"$(inherited)",
				);
				INFOPLIST_FILE = Borderwait2Tests/Info.plist;
				LD_RUNPATH_SEARCH_PATHS = "$(inherited) @executable_path/Frameworks @loader_path/Frameworks";
				PRODUCT_NAME = "$(TARGET_NAME)";
				TEST_HOST = "$(BUILT_PRODUCTS_DIR)/Borderwait2.app/Borderwait2";
			};
			name = Release;
		};
/* End XCBuildConfiguration section */

/* Begin XCConfigurationList section */
		97DD64591A416EB2004E3EDC /* Build configuration list for PBXProject "Borderwait2" */ = {
			isa = XCConfigurationList;
			buildConfigurations = (
				97DD64821A416EB2004E3EDC /* Debug */,
				97DD64831A416EB2004E3EDC /* Release */,
			);
			defaultConfigurationIsVisible = 0;
			defaultConfigurationName = Release;
		};
		97DD64841A416EB2004E3EDC /* Build configuration list for PBXNativeTarget "Borderwait2" */ = {
			isa = XCConfigurationList;
			buildConfigurations = (
				97DD64851A416EB2004E3EDC /* Debug */,
				97DD64861A416EB2004E3EDC /* Release */,
			);
			defaultConfigurationIsVisible = 0;
			defaultConfigurationName = Release;
		};
		97DD64871A416EB2004E3EDC /* Build configuration list for PBXNativeTarget "Borderwait2Tests" */ = {
			isa = XCConfigurationList;
			buildConfigurations = (
				97DD64881A416EB2004E3EDC /* Debug */,
				97DD64891A416EB2004E3EDC /* Release */,
			);
			defaultConfigurationIsVisible = 0;
			defaultConfigurationName = Release;
		};
/* End XCConfigurationList section */
	};
	rootObject = 97DD64561A416EB2004E3EDC /* Project object */;
}
